
Microsoft Visual Studio Solution File, Format Version 12.00
# Visual Studio Version 16
VisualStudioVersion = 16.0.30907.101
MinimumVisualStudioVersion = 10.0.40219.1
Project("{9A19103F-16F7-4668-BE54-9A1E7A4F7556}") = "CarDealerSQLite", "CarDealerSQLite\CarDealerSQLite.csproj", "{C4893290-BAB1-46B7-B1BD-10D4C9FB1B2A}"
EndProject
Project("{9A19103F-16F7-4668-BE54-9A1E7A4F7556}") = "CarDealer.EntityFramework", "CarDealer.EntityFramework\CarDealer.EntityFramework.csproj", "{BADB1531-AFC1-4C9F-AF75-511DECF9F4D5}"
EndProject
Project("{930C7802-8A8C-48F9-8165-68863BCCD9DD}") = "Installer", "Installer\Installer.wixproj", "{A048EDCE-F802-4D6D-9EA7-CD932B6EAA43}"
EndProject
Global
	GlobalSection(SolutionConfigurationPlatforms) = preSolution
		Debug|x64 = Debug|x64
		Debug|x86 = Debug|x86
		Release|x64 = Release|x64
		Release|x86 = Release|x86
	EndGlobalSection
	GlobalSection(ProjectConfigurationPlatforms) = postSolution
		{C4893290-BAB1-46B7-B1BD-10D4C9FB1B2A}.Debug|x64.ActiveCfg = Debug|Any CPU
		{C4893290-BAB1-46B7-B1BD-10D4C9FB1B2A}.Debug|x64.Build.0 = Debug|Any CPU
		{C4893290-BAB1-46B7-B1BD-10D4C9FB1B2A}.Debug|x86.ActiveCfg = Debug|Any CPU
		{C4893290-BAB1-46B7-B1BD-10D4C9FB1B2A}.Debug|x86.Build.0 = Debug|Any CPU
		{C4893290-BAB1-46B7-B1BD-10D4C9FB1B2A}.Release|x64.ActiveCfg = Release|Any CPU
		{C4893290-BAB1-46B7-B1BD-10D4C9FB1B2A}.Release|x64.Build.0 = Release|Any CPU
		{C4893290-BAB1-46B7-B1BD-10D4C9FB1B2A}.Release|x86.ActiveCfg = Release|Any CPU
		{C4893290-BAB1-46B7-B1BD-10D4C9FB1B2A}.Release|x86.Build.0 = Release|Any CPU
		{BADB1531-AFC1-4C9F-AF75-511DECF9F4D5}.Debug|x64.ActiveCfg = Debug|Any CPU
		{BADB1531-AFC1-4C9F-AF75-511DECF9F4D5}.Debug|x64.Build.0 = Debug|Any CPU
		{BADB1531-AFC1-4C9F-AF75-511DECF9F4D5}.Debug|x86.ActiveCfg = Debug|Any CPU
		{BADB1531-AFC1-4C9F-AF75-511DECF9F4D5}.Debug|x86.Build.0 = Debug|Any CPU
		{BADB1531-AFC1-4C9F-AF75-511DECF9F4D5}.Release|x64.ActiveCfg = Release|Any CPU
		{BADB1531-AFC1-4C9F-AF75-511DECF9F4D5}.Release|x64.Build.0 = Release|Any CPU
		{BADB1531-AFC1-4C9F-AF75-511DECF9F4D5}.Release|x86.ActiveCfg = Release|Any CPU
		{BADB1531-AFC1-4C9F-AF75-511DECF9F4D5}.Release|x86.Build.0 = Release|Any CPU
		{A048EDCE-F802-4D6D-9EA7-CD932B6EAA43}.Debug|x64.ActiveCfg = Debug|x64
		{A048EDCE-F802-4D6D-9EA7-CD932B6EAA43}.Debug|x86.ActiveCfg = Debug|x86
		{A048EDCE-F802-4D6D-9EA7-CD932B6EAA43}.Release|x64.ActiveCfg = Release|x86
		{A048EDCE-F802-4D6D-9EA7-CD932B6EAA43}.Release|x86.ActiveCfg = Release|x86
		{A048EDCE-F802-4D6D-9EA7-CD932B6EAA43}.Release|x86.Build.0 = Release|x86
	EndGlobalSection
	GlobalSection(SolutionProperties) = preSolution
		HideSolutionNode = FALSE
	EndGlobalSection
	GlobalSection(ExtensibilityGlobals) = postSolution
		SolutionGuid = {F9FE5749-1261-4A78-B71F-E2AA04F6BE66}
	EndGlobalSection
EndGlobal
